// !$*UTF8*$!
{
	archiveVersion = 1;
	classes = {
	};
	objectVersion = 48;
	objects = {

/* Begin PBXBuildFile section */
		5007528B208DA8B400F18B28 /* PersonalCenterChildBaseVC.m in Sources */ = {isa = PBXBuildFile; fileRef = 50075289208DA8B300F18B28 /* PersonalCenterChildBaseVC.m */; };
		5007528D208DB5EA00F18B28 /* State.plist in Resources */ = {isa = PBXBuildFile; fileRef = 5007528C208DB5EA00F18B28 /* State.plist */; };
		50075291208DB99500F18B28 /* StateCollectionReusableHeadView.m in Sources */ = {isa = PBXBuildFile; fileRef = 5007528F208DB99500F18B28 /* StateCollectionReusableHeadView.m */; };
		50075292208DB99500F18B28 /* StateCollectionReusableHeadView.xib in Resources */ = {isa = PBXBuildFile; fileRef = 50075290208DB99500F18B28 /* StateCollectionReusableHeadView.xib */; };
		50075296208DBE1D00F18B28 /* StateCollectionViewCell.m in Sources */ = {isa = PBXBuildFile; fileRef = 50075294208DBE1D00F18B28 /* StateCollectionViewCell.m */; };
		50075297208DBE1D00F18B28 /* StateCollectionViewCell.xib in Resources */ = {isa = PBXBuildFile; fileRef = 50075295208DBE1D00F18B28 /* StateCollectionViewCell.xib */; };
		5007529A208DC28300F18B28 /* Common.m in Sources */ = {isa = PBXBuildFile; fileRef = 50075299208DC28300F18B28 /* Common.m */; };
		500752A1208DCB0A00F18B28 /* ChangedTableViewCell.m in Sources */ = {isa = PBXBuildFile; fileRef = 5007529F208DCB0A00F18B28 /* ChangedTableViewCell.m */; };
		500752A2208DCB0A00F18B28 /* ChangedTableViewCell.xib in Resources */ = {isa = PBXBuildFile; fileRef = 500752A0208DCB0A00F18B28 /* ChangedTableViewCell.xib */; };
		500752A5208DD26C00F18B28 /* ChangedTableViewHeadView.m in Sources */ = {isa = PBXBuildFile; fileRef = 500752A4208DD26C00F18B28 /* ChangedTableViewHeadView.m */; };
		500752A7208DD27600F18B28 /* ChangedTableViewHeadView.xib in Resources */ = {isa = PBXBuildFile; fileRef = 500752A6208DD27600F18B28 /* ChangedTableViewHeadView.xib */; };
		500752AB208ECC8800F18B28 /* HistoryCollectionViewCell.m in Sources */ = {isa = PBXBuildFile; fileRef = 500752A9208ECC8800F18B28 /* HistoryCollectionViewCell.m */; };
		500752AC208ECC8800F18B28 /* HistoryCollectionViewCell.xib in Resources */ = {isa = PBXBuildFile; fileRef = 500752AA208ECC8800F18B28 /* HistoryCollectionViewCell.xib */; };
		500752AE208ED92100F18B28 /* History.plist in Resources */ = {isa = PBXBuildFile; fileRef = 500752AD208ED92100F18B28 /* History.plist */; };
		500752B1208EE07200F18B28 /* InfoModel.m in Sources */ = {isa = PBXBuildFile; fileRef = 500752B0208EE07200F18B28 /* InfoModel.m */; };
		500D15EE207228D7003F9DA3 /* AppDelegate.m in Sources */ = {isa = PBXBuildFile; fileRef = 500D15ED207228D7003F9DA3 /* AppDelegate.m */; };
		500D15F1207228D7003F9DA3 /* ViewController.m in Sources */ = {isa = PBXBuildFile; fileRef = 500D15F0207228D7003F9DA3 /* ViewController.m */; };
		500D15F4207228D7003F9DA3 /* Main.storyboard in Resources */ = {isa = PBXBuildFile; fileRef = 500D15F2207228D7003F9DA3 /* Main.storyboard */; };
		500D15F6207228D7003F9DA3 /* Assets.xcassets in Resources */ = {isa = PBXBuildFile; fileRef = 500D15F5207228D7003F9DA3 /* Assets.xcassets */; };
		500D15F9207228D7003F9DA3 /* LaunchScreen.storyboard in Resources */ = {isa = PBXBuildFile; fileRef = 500D15F7207228D7003F9DA3 /* LaunchScreen.storyboard */; };
		500D15FC207228D7003F9DA3 /* main.m in Sources */ = {isa = PBXBuildFile; fileRef = 500D15FB207228D7003F9DA3 /* main.m */; };
		500D1606207228D7003F9DA3 /* LinkageTableViewDemoTests.m in Sources */ = {isa = PBXBuildFile; fileRef = 500D1605207228D7003F9DA3 /* LinkageTableViewDemoTests.m */; };
		500D1611207228D7003F9DA3 /* LinkageTableViewDemoUITests.m in Sources */ = {isa = PBXBuildFile; fileRef = 500D1610207228D7003F9DA3 /* LinkageTableViewDemoUITests.m */; };
		500D162120722A35003F9DA3 /* LinkageTableViewCell.m in Sources */ = {isa = PBXBuildFile; fileRef = 500D161F20722A35003F9DA3 /* LinkageTableViewCell.m */; };
		500D162220722A35003F9DA3 /* LinkageTableViewCell.xib in Resources */ = {isa = PBXBuildFile; fileRef = 500D162020722A35003F9DA3 /* LinkageTableViewCell.xib */; };
		503FBD91208D739100F05688 /* RoomInfoViewController.m in Sources */ = {isa = PBXBuildFile; fileRef = 503FBD90208D739100F05688 /* RoomInfoViewController.m */; };
		503FBD94208D73AD00F05688 /* StateViewController.m in Sources */ = {isa = PBXBuildFile; fileRef = 503FBD93208D73AD00F05688 /* StateViewController.m */; };
		503FBD9A208D73DE00F05688 /* ChangedViewController.m in Sources */ = {isa = PBXBuildFile; fileRef = 503FBD99208D73DE00F05688 /* ChangedViewController.m */; };
		503FBD9E208D799A00F05688 /* RoomInfoCollectionViewCell.m in Sources */ = {isa = PBXBuildFile; fileRef = 503FBD9C208D799A00F05688 /* RoomInfoCollectionViewCell.m */; };
		503FBD9F208D799A00F05688 /* RoomInfoCollectionViewCell.xib in Resources */ = {isa = PBXBuildFile; fileRef = 503FBD9D208D799A00F05688 /* RoomInfoCollectionViewCell.xib */; };
		503FBDA1208D82EC00F05688 /* RoomInfo.plist in Resources */ = {isa = PBXBuildFile; fileRef = 503FBDA0208D82EC00F05688 /* RoomInfo.plist */; };
		504495A820848E7B0063DC4B /* IQActionSheetToolbar.m in Sources */ = {isa = PBXBuildFile; fileRef = 504495A220848E7B0063DC4B /* IQActionSheetToolbar.m */; };
		504495A920848E7B0063DC4B /* IQActionSheetTitleBarButtonItem.m in Sources */ = {isa = PBXBuildFile; fileRef = 504495A320848E7B0063DC4B /* IQActionSheetTitleBarButtonItem.m */; };
		504495AA20848E7B0063DC4B /* IQActionSheetPickerView.m in Sources */ = {isa = PBXBuildFile; fileRef = 504495A420848E7B0063DC4B /* IQActionSheetPickerView.m */; };
		504495AB20848E7B0063DC4B /* IQActionSheetViewController.m in Sources */ = {isa = PBXBuildFile; fileRef = 504495A620848E7B0063DC4B /* IQActionSheetViewController.m */; };
		504A3A9F2079BDCB0023F708 /* HeadCollectionViewCell.m in Sources */ = {isa = PBXBuildFile; fileRef = 504A3A9D2079BDCB0023F708 /* HeadCollectionViewCell.m */; };
		504A3AA02079BDCB0023F708 /* HeadCollectionViewCell.xib in Resources */ = {isa = PBXBuildFile; fileRef = 504A3A9E2079BDCB0023F708 /* HeadCollectionViewCell.xib */; };
		504A3AA3207A02270023F708 /* FloorViewController.m in Sources */ = {isa = PBXBuildFile; fileRef = 504A3AA2207A02270023F708 /* FloorViewController.m */; };
		504A3AA7207A02380023F708 /* FloorTableViewCell.m in Sources */ = {isa = PBXBuildFile; fileRef = 504A3AA5207A02380023F708 /* FloorTableViewCell.m */; };
		504A3AA8207A02380023F708 /* FloorTableViewCell.xib in Resources */ = {isa = PBXBuildFile; fileRef = 504A3AA6207A02380023F708 /* FloorTableViewCell.xib */; };
		50756DBA208EFFE000AE065F /* BGTableViewCell.m in Sources */ = {isa = PBXBuildFile; fileRef = 50756DB9208EFFE000AE065F /* BGTableViewCell.m */; };
		50756DBD208F0B3700AE065F /* ContractInfoViewController.m in Sources */ = {isa = PBXBuildFile; fileRef = 50756DBC208F0B3700AE065F /* ContractInfoViewController.m */; };
		50756DBF208F1AFE00AE065F /* ContractInfo.plist in Resources */ = {isa = PBXBuildFile; fileRef = 50756DBE208F1AFE00AE065F /* ContractInfo.plist */; };
		50756DC2208F297500AE065F /* ContractInfoTableViewHeadView.m in Sources */ = {isa = PBXBuildFile; fileRef = 50756DC1208F297500AE065F /* ContractInfoTableViewHeadView.m */; };
		50756DCA209071BC00AE065F /* BGScrollTableViewCell.m in Sources */ = {isa = PBXBuildFile; fileRef = 50756DC8209071BC00AE065F /* BGScrollTableViewCell.m */; };
		50756DD120916C5B00AE065F /* ContractInfoItemView.m in Sources */ = {isa = PBXBuildFile; fileRef = 50756DD020916C5B00AE065F /* ContractInfoItemView.m */; };
		50756DD320916C6600AE065F /* ContractInfoItemView.xib in Resources */ = {isa = PBXBuildFile; fileRef = 50756DD220916C6600AE065F /* ContractInfoItemView.xib */; };
		50756DDB20916DBE00AE065F /* ContractInfoBGCollectionViewCell.m in Sources */ = {isa = PBXBuildFile; fileRef = 50756DDA20916DBE00AE065F /* ContractInfoBGCollectionViewCell.m */; };
		50881A3C207328A300E7E417 /* InfoCollectionViewCell.m in Sources */ = {isa = PBXBuildFile; fileRef = 50881A3A207328A300E7E417 /* InfoCollectionViewCell.m */; };
		50881A3D207328A300E7E417 /* InfoCollectionViewCell.xib in Resources */ = {isa = PBXBuildFile; fileRef = 50881A3B207328A300E7E417 /* InfoCollectionViewCell.xib */; };
		50881A40207356CD00E7E417 /* HeadTopView.m in Sources */ = {isa = PBXBuildFile; fileRef = 50881A3F207356CD00E7E417 /* HeadTopView.m */; };
		50881A42207356D600E7E417 /* HeadTopView.xib in Resources */ = {isa = PBXBuildFile; fileRef = 50881A41207356D600E7E417 /* HeadTopView.xib */; };
		50881A45207358B700E7E417 /* UIView+XIBInstance.m in Sources */ = {isa = PBXBuildFile; fileRef = 50881A44207358B700E7E417 /* UIView+XIBInstance.m */; };
		50881A4D2074796400E7E417 /* LMJVerticalFlowLayout.m in Sources */ = {isa = PBXBuildFile; fileRef = 50881A4B2074796300E7E417 /* LMJVerticalFlowLayout.m */; };
		50881A50207499E100E7E417 /* BGCollectionViewCell.m in Sources */ = {isa = PBXBuildFile; fileRef = 50881A4F207499E100E7E417 /* BGCollectionViewCell.m */; };
		50DE3B0F2089BC6B0074F725 /* RoomDetailsViewController.m in Sources */ = {isa = PBXBuildFile; fileRef = 50DE3B0E2089BC6B0074F725 /* RoomDetailsViewController.m */; };
		50DE3B122089BEB50074F725 /* ContractHeadView.m in Sources */ = {isa = PBXBuildFile; fileRef = 50DE3B112089BEB50074F725 /* ContractHeadView.m */; };
		50DE3B142089BEC50074F725 /* ContractHeadView.xib in Resources */ = {isa = PBXBuildFile; fileRef = 50DE3B132089BEC50074F725 /* ContractHeadView.xib */; };
		50DE3B262089CEA70074F725 /* UIView+SGPagingView.m in Sources */ = {isa = PBXBuildFile; fileRef = 50DE3B1A2089CEA70074F725 /* UIView+SGPagingView.m */; };
		50DE3B272089CEA70074F725 /* SGPageContentScrollView.m in Sources */ = {isa = PBXBuildFile; fileRef = 50DE3B1C2089CEA70074F725 /* SGPageContentScrollView.m */; };
		50DE3B282089CEA70074F725 /* SGPageContentView.m in Sources */ = {isa = PBXBuildFile; fileRef = 50DE3B1D2089CEA70074F725 /* SGPageContentView.m */; };
		50DE3B292089CEA70074F725 /* SGPageTitleView.m in Sources */ = {isa = PBXBuildFile; fileRef = 50DE3B212089CEA70074F725 /* SGPageTitleView.m */; };
		50DE3B2A2089CEA70074F725 /* SGPageTitleViewConfigure.m in Sources */ = {isa = PBXBuildFile; fileRef = 50DE3B222089CEA70074F725 /* SGPageTitleViewConfigure.m */; };
		50DE3B2E2089D8E00074F725 /* RoomInformation TableViewCell.m in Sources */ = {isa = PBXBuildFile; fileRef = 50DE3B2C2089D8E00074F725 /* RoomInformation TableViewCell.m */; };
		50DE3B2F2089D8E00074F725 /* RoomInformation TableViewCell.xib in Resources */ = {isa = PBXBuildFile; fileRef = 50DE3B2D2089D8E00074F725 /* RoomInformation TableViewCell.xib */; };
		50FD61EB2091A1C7000930B6 /* HistoryViewController.m in Sources */ = {isa = PBXBuildFile; fileRef = 50FD61E92091A1C7000930B6 /* HistoryViewController.m */; };
		50FD61F02092C65B000930B6 /* Changed.plist in Resources */ = {isa = PBXBuildFile; fileRef = 50FD61EF2092C65B000930B6 /* Changed.plist */; };
		F88A9717000E41AA6FBDC501 /* Pods_LinkageTableViewDemo.framework in Frameworks */ = {isa = PBXBuildFile; fileRef = 2B08B60C022BB5ADFDA0F56C /* Pods_LinkageTableViewDemo.framework */; };
/* End PBXBuildFile section */

/* Begin PBXContainerItemProxy section */
		500D1602207228D7003F9DA3 /* PBXContainerItemProxy */ = {
			isa = PBXContainerItemProxy;
			containerPortal = 500D15E1207228D7003F9DA3 /* Project object */;
			proxyType = 1;
			remoteGlobalIDString = 500D15E8207228D7003F9DA3;
			remoteInfo = LinkageTableViewDemo;
		};
		500D160D207228D7003F9DA3 /* PBXContainerItemProxy */ = {
			isa = PBXContainerItemProxy;
			containerPortal = 500D15E1207228D7003F9DA3 /* Project object */;
			proxyType = 1;
			remoteGlobalIDString = 500D15E8207228D7003F9DA3;
			remoteInfo = LinkageTableViewDemo;
		};
/* End PBXContainerItemProxy section */

/* Begin PBXFileReference section */
		2B08B60C022BB5ADFDA0F56C /* Pods_LinkageTableViewDemo.framework */ = {isa = PBXFileReference; explicitFileType = wrapper.framework; includeInIndex = 0; path = Pods_LinkageTableViewDemo.framework; sourceTree = BUILT_PRODUCTS_DIR; };
		50075289208DA8B300F18B28 /* PersonalCenterChildBaseVC.m */ = {isa = PBXFileReference; fileEncoding = 4; lastKnownFileType = sourcecode.c.objc; path = PersonalCenterChildBaseVC.m; sourceTree = "<group>"; };
		5007528A208DA8B300F18B28 /* PersonalCenterChildBaseVC.h */ = {isa = PBXFileReference; fileEncoding = 4; lastKnownFileType = sourcecode.c.h; path = PersonalCenterChildBaseVC.h; sourceTree = "<group>"; };
		5007528C208DB5EA00F18B28 /* State.plist */ = {isa = PBXFileReference; lastKnownFileType = text.plist.xml; path = State.plist; sourceTree = "<group>"; };
		5007528E208DB99500F18B28 /* StateCollectionReusableHeadView.h */ = {isa = PBXFileReference; lastKnownFileType = sourcecode.c.h; path = StateCollectionReusableHeadView.h; sourceTree = "<group>"; };
		5007528F208DB99500F18B28 /* StateCollectionReusableHeadView.m */ = {isa = PBXFileReference; lastKnownFileType = sourcecode.c.objc; path = StateCollectionReusableHeadView.m; sourceTree = "<group>"; };
		50075290208DB99500F18B28 /* StateCollectionReusableHeadView.xib */ = {isa = PBXFileReference; lastKnownFileType = file.xib; path = StateCollectionReusableHeadView.xib; sourceTree = "<group>"; };
		50075293208DBE1D00F18B28 /* StateCollectionViewCell.h */ = {isa = PBXFileReference; lastKnownFileType = sourcecode.c.h; path = StateCollectionViewCell.h; sourceTree = "<group>"; };
		50075294208DBE1D00F18B28 /* StateCollectionViewCell.m */ = {isa = PBXFileReference; lastKnownFileType = sourcecode.c.objc; path = StateCollectionViewCell.m; sourceTree = "<group>"; };
		50075295208DBE1D00F18B28 /* StateCollectionViewCell.xib */ = {isa = PBXFileReference; lastKnownFileType = file.xib; path = StateCollectionViewCell.xib; sourceTree = "<group>"; };
		50075298208DC28300F18B28 /* Common.h */ = {isa = PBXFileReference; lastKnownFileType = sourcecode.c.h; path = Common.h; sourceTree = "<group>"; };
		50075299208DC28300F18B28 /* Common.m */ = {isa = PBXFileReference; lastKnownFileType = sourcecode.c.objc; path = Common.m; sourceTree = "<group>"; };
		5007529E208DCB0A00F18B28 /* ChangedTableViewCell.h */ = {isa = PBXFileReference; lastKnownFileType = sourcecode.c.h; path = ChangedTableViewCell.h; sourceTree = "<group>"; };
		5007529F208DCB0A00F18B28 /* ChangedTableViewCell.m */ = {isa = PBXFileReference; lastKnownFileType = sourcecode.c.objc; path = ChangedTableViewCell.m; sourceTree = "<group>"; };
		500752A0208DCB0A00F18B28 /* ChangedTableViewCell.xib */ = {isa = PBXFileReference; lastKnownFileType = file.xib; path = ChangedTableViewCell.xib; sourceTree = "<group>"; };
		500752A3208DD26C00F18B28 /* ChangedTableViewHeadView.h */ = {isa = PBXFileReference; lastKnownFileType = sourcecode.c.h; path = ChangedTableViewHeadView.h; sourceTree = "<group>"; };
		500752A4208DD26C00F18B28 /* ChangedTableViewHeadView.m */ = {isa = PBXFileReference; lastKnownFileType = sourcecode.c.objc; path = ChangedTableViewHeadView.m; sourceTree = "<group>"; };
		500752A6208DD27600F18B28 /* ChangedTableViewHeadView.xib */ = {isa = PBXFileReference; lastKnownFileType = file.xib; path = ChangedTableViewHeadView.xib; sourceTree = "<group>"; };
		500752A8208ECC8800F18B28 /* HistoryCollectionViewCell.h */ = {isa = PBXFileReference; lastKnownFileType = sourcecode.c.h; path = HistoryCollectionViewCell.h; sourceTree = "<group>"; };
		500752A9208ECC8800F18B28 /* HistoryCollectionViewCell.m */ = {isa = PBXFileReference; lastKnownFileType = sourcecode.c.objc; path = HistoryCollectionViewCell.m; sourceTree = "<group>"; };
		500752AA208ECC8800F18B28 /* HistoryCollectionViewCell.xib */ = {isa = PBXFileReference; lastKnownFileType = file.xib; path = HistoryCollectionViewCell.xib; sourceTree = "<group>"; };
		500752AD208ED92100F18B28 /* History.plist */ = {isa = PBXFileReference; lastKnownFileType = text.plist.xml; path = History.plist; sourceTree = "<group>"; };
		500752AF208EE07200F18B28 /* InfoModel.h */ = {isa = PBXFileReference; lastKnownFileType = sourcecode.c.h; path = InfoModel.h; sourceTree = "<group>"; };
		500752B0208EE07200F18B28 /* InfoModel.m */ = {isa = PBXFileReference; lastKnownFileType = sourcecode.c.objc; path = InfoModel.m; sourceTree = "<group>"; };
		500D15E9207228D7003F9DA3 /* LinkageTableViewDemo.app */ = {isa = PBXFileReference; explicitFileType = wrapper.application; includeInIndex = 0; path = LinkageTableViewDemo.app; sourceTree = BUILT_PRODUCTS_DIR; };
		500D15EC207228D7003F9DA3 /* AppDelegate.h */ = {isa = PBXFileReference; lastKnownFileType = sourcecode.c.h; path = AppDelegate.h; sourceTree = "<group>"; };
		500D15ED207228D7003F9DA3 /* AppDelegate.m */ = {isa = PBXFileReference; lastKnownFileType = sourcecode.c.objc; path = AppDelegate.m; sourceTree = "<group>"; };
		500D15EF207228D7003F9DA3 /* ViewController.h */ = {isa = PBXFileReference; lastKnownFileType = sourcecode.c.h; path = ViewController.h; sourceTree = "<group>"; };
		500D15F0207228D7003F9DA3 /* ViewController.m */ = {isa = PBXFileReference; lastKnownFileType = sourcecode.c.objc; path = ViewController.m; sourceTree = "<group>"; };
		500D15F3207228D7003F9DA3 /* Base */ = {isa = PBXFileReference; lastKnownFileType = file.storyboard; name = Base; path = Base.lproj/Main.storyboard; sourceTree = "<group>"; };
		500D15F5207228D7003F9DA3 /* Assets.xcassets */ = {isa = PBXFileReference; lastKnownFileType = folder.assetcatalog; path = Assets.xcassets; sourceTree = "<group>"; };
		500D15F8207228D7003F9DA3 /* Base */ = {isa = PBXFileReference; lastKnownFileType = file.storyboard; name = Base; path = Base.lproj/LaunchScreen.storyboard; sourceTree = "<group>"; };
		500D15FA207228D7003F9DA3 /* Info.plist */ = {isa = PBXFileReference; lastKnownFileType = text.plist.xml; path = Info.plist; sourceTree = "<group>"; };
		500D15FB207228D7003F9DA3 /* main.m */ = {isa = PBXFileReference; lastKnownFileType = sourcecode.c.objc; path = main.m; sourceTree = "<group>"; };
		500D1601207228D7003F9DA3 /* LinkageTableViewDemoTests.xctest */ = {isa = PBXFileReference; explicitFileType = wrapper.cfbundle; includeInIndex = 0; path = LinkageTableViewDemoTests.xctest; sourceTree = BUILT_PRODUCTS_DIR; };
		500D1605207228D7003F9DA3 /* LinkageTableViewDemoTests.m */ = {isa = PBXFileReference; lastKnownFileType = sourcecode.c.objc; path = LinkageTableViewDemoTests.m; sourceTree = "<group>"; };
		500D1607207228D7003F9DA3 /* Info.plist */ = {isa = PBXFileReference; lastKnownFileType = text.plist.xml; path = Info.plist; sourceTree = "<group>"; };
		500D160C207228D7003F9DA3 /* LinkageTableViewDemoUITests.xctest */ = {isa = PBXFileReference; explicitFileType = wrapper.cfbundle; includeInIndex = 0; path = LinkageTableViewDemoUITests.xctest; sourceTree = BUILT_PRODUCTS_DIR; };
		500D1610207228D7003F9DA3 /* LinkageTableViewDemoUITests.m */ = {isa = PBXFileReference; lastKnownFileType = sourcecode.c.objc; path = LinkageTableViewDemoUITests.m; sourceTree = "<group>"; };
		500D1612207228D7003F9DA3 /* Info.plist */ = {isa = PBXFileReference; lastKnownFileType = text.plist.xml; path = Info.plist; sourceTree = "<group>"; };
		500D161E20722A35003F9DA3 /* LinkageTableViewCell.h */ = {isa = PBXFileReference; lastKnownFileType = sourcecode.c.h; path = LinkageTableViewCell.h; sourceTree = "<group>"; };
		500D161F20722A35003F9DA3 /* LinkageTableViewCell.m */ = {isa = PBXFileReference; lastKnownFileType = sourcecode.c.objc; path = LinkageTableViewCell.m; sourceTree = "<group>"; };
		500D162020722A35003F9DA3 /* LinkageTableViewCell.xib */ = {isa = PBXFileReference; lastKnownFileType = file.xib; path = LinkageTableViewCell.xib; sourceTree = "<group>"; };
		503FBD8F208D739100F05688 /* RoomInfoViewController.h */ = {isa = PBXFileReference; lastKnownFileType = sourcecode.c.h; path = RoomInfoViewController.h; sourceTree = "<group>"; };
		503FBD90208D739100F05688 /* RoomInfoViewController.m */ = {isa = PBXFileReference; lastKnownFileType = sourcecode.c.objc; path = RoomInfoViewController.m; sourceTree = "<group>"; };
		503FBD92208D73AD00F05688 /* StateViewController.h */ = {isa = PBXFileReference; lastKnownFileType = sourcecode.c.h; path = StateViewController.h; sourceTree = "<group>"; };
		503FBD93208D73AD00F05688 /* StateViewController.m */ = {isa = PBXFileReference; lastKnownFileType = sourcecode.c.objc; path = StateViewController.m; sourceTree = "<group>"; };
		503FBD98208D73DE00F05688 /* ChangedViewController.h */ = {isa = PBXFileReference; lastKnownFileType = sourcecode.c.h; path = ChangedViewController.h; sourceTree = "<group>"; };
		503FBD99208D73DE00F05688 /* ChangedViewController.m */ = {isa = PBXFileReference; lastKnownFileType = sourcecode.c.objc; path = ChangedViewController.m; sourceTree = "<group>"; };
		503FBD9B208D799A00F05688 /* RoomInfoCollectionViewCell.h */ = {isa = PBXFileReference; lastKnownFileType = sourcecode.c.h; path = RoomInfoCollectionViewCell.h; sourceTree = "<group>"; };
		503FBD9C208D799A00F05688 /* RoomInfoCollectionViewCell.m */ = {isa = PBXFileReference; lastKnownFileType = sourcecode.c.objc; path = RoomInfoCollectionViewCell.m; sourceTree = "<group>"; };
		503FBD9D208D799A00F05688 /* RoomInfoCollectionViewCell.xib */ = {isa = PBXFileReference; lastKnownFileType = file.xib; path = RoomInfoCollectionViewCell.xib; sourceTree = "<group>"; };
		503FBDA0208D82EC00F05688 /* RoomInfo.plist */ = {isa = PBXFileReference; lastKnownFileType = text.plist.xml; path = RoomInfo.plist; sourceTree = "<group>"; };
		504495A020848E7B0063DC4B /* IQActionSheetPickerView.h */ = {isa = PBXFileReference; fileEncoding = 4; lastKnownFileType = sourcecode.c.h; path = IQActionSheetPickerView.h; sourceTree = "<group>"; };
		504495A120848E7B0063DC4B /* IQActionSheetViewController.h */ = {isa = PBXFileReference; fileEncoding = 4; lastKnownFileType = sourcecode.c.h; path = IQActionSheetViewController.h; sourceTree = "<group>"; };
		504495A220848E7B0063DC4B /* IQActionSheetToolbar.m */ = {isa = PBXFileReference; fileEncoding = 4; lastKnownFileType = sourcecode.c.objc; path = IQActionSheetToolbar.m; sourceTree = "<group>"; };
		504495A320848E7B0063DC4B /* IQActionSheetTitleBarButtonItem.m */ = {isa = PBXFileReference; fileEncoding = 4; lastKnownFileType = sourcecode.c.objc; path = IQActionSheetTitleBarButtonItem.m; sourceTree = "<group>"; };
		504495A420848E7B0063DC4B /* IQActionSheetPickerView.m */ = {isa = PBXFileReference; fileEncoding = 4; lastKnownFileType = sourcecode.c.objc; path = IQActionSheetPickerView.m; sourceTree = "<group>"; };
		504495A520848E7B0063DC4B /* IQActionSheetToolbar.h */ = {isa = PBXFileReference; fileEncoding = 4; lastKnownFileType = sourcecode.c.h; path = IQActionSheetToolbar.h; sourceTree = "<group>"; };
		504495A620848E7B0063DC4B /* IQActionSheetViewController.m */ = {isa = PBXFileReference; fileEncoding = 4; lastKnownFileType = sourcecode.c.objc; path = IQActionSheetViewController.m; sourceTree = "<group>"; };
		504495A720848E7B0063DC4B /* IQActionSheetTitleBarButtonItem.h */ = {isa = PBXFileReference; fileEncoding = 4; lastKnownFileType = sourcecode.c.h; path = IQActionSheetTitleBarButtonItem.h; sourceTree = "<group>"; };
		504A3A9C2079BDCB0023F708 /* HeadCollectionViewCell.h */ = {isa = PBXFileReference; lastKnownFileType = sourcecode.c.h; path = HeadCollectionViewCell.h; sourceTree = "<group>"; };
		504A3A9D2079BDCB0023F708 /* HeadCollectionViewCell.m */ = {isa = PBXFileReference; lastKnownFileType = sourcecode.c.objc; path = HeadCollectionViewCell.m; sourceTree = "<group>"; };
		504A3A9E2079BDCB0023F708 /* HeadCollectionViewCell.xib */ = {isa = PBXFileReference; lastKnownFileType = file.xib; path = HeadCollectionViewCell.xib; sourceTree = "<group>"; };
		504A3AA1207A02270023F708 /* FloorViewController.h */ = {isa = PBXFileReference; lastKnownFileType = sourcecode.c.h; path = FloorViewController.h; sourceTree = "<group>"; };
		504A3AA2207A02270023F708 /* FloorViewController.m */ = {isa = PBXFileReference; lastKnownFileType = sourcecode.c.objc; path = FloorViewController.m; sourceTree = "<group>"; };
		504A3AA4207A02380023F708 /* FloorTableViewCell.h */ = {isa = PBXFileReference; lastKnownFileType = sourcecode.c.h; path = FloorTableViewCell.h; sourceTree = "<group>"; };
		504A3AA5207A02380023F708 /* FloorTableViewCell.m */ = {isa = PBXFileReference; lastKnownFileType = sourcecode.c.objc; path = FloorTableViewCell.m; sourceTree = "<group>"; };
		504A3AA6207A02380023F708 /* FloorTableViewCell.xib */ = {isa = PBXFileReference; lastKnownFileType = file.xib; path = FloorTableViewCell.xib; sourceTree = "<group>"; };
		50756DB8208EFFE000AE065F /* BGTableViewCell.h */ = {isa = PBXFileReference; lastKnownFileType = sourcecode.c.h; path = BGTableViewCell.h; sourceTree = "<group>"; };
		50756DB9208EFFE000AE065F /* BGTableViewCell.m */ = {isa = PBXFileReference; lastKnownFileType = sourcecode.c.objc; path = BGTableViewCell.m; sourceTree = "<group>"; };
		50756DBB208F0B3700AE065F /* ContractInfoViewController.h */ = {isa = PBXFileReference; lastKnownFileType = sourcecode.c.h; path = ContractInfoViewController.h; sourceTree = "<group>"; };
		50756DBC208F0B3700AE065F /* ContractInfoViewController.m */ = {isa = PBXFileReference; lastKnownFileType = sourcecode.c.objc; path = ContractInfoViewController.m; sourceTree = "<group>"; };
		50756DBE208F1AFE00AE065F /* ContractInfo.plist */ = {isa = PBXFileReference; lastKnownFileType = text.plist.xml; path = ContractInfo.plist; sourceTree = "<group>"; };
		50756DC0208F297500AE065F /* ContractInfoTableViewHeadView.h */ = {isa = PBXFileReference; lastKnownFileType = sourcecode.c.h; path = ContractInfoTableViewHeadView.h; sourceTree = "<group>"; };
		50756DC1208F297500AE065F /* ContractInfoTableViewHeadView.m */ = {isa = PBXFileReference; lastKnownFileType = sourcecode.c.objc; path = ContractInfoTableViewHeadView.m; sourceTree = "<group>"; };
		50756DC7209071BC00AE065F /* BGScrollTableViewCell.h */ = {isa = PBXFileReference; lastKnownFileType = sourcecode.c.h; path = BGScrollTableViewCell.h; sourceTree = "<group>"; };
		50756DC8209071BC00AE065F /* BGScrollTableViewCell.m */ = {isa = PBXFileReference; lastKnownFileType = sourcecode.c.objc; path = BGScrollTableViewCell.m; sourceTree = "<group>"; };
		50756DCF20916C5B00AE065F /* ContractInfoItemView.h */ = {isa = PBXFileReference; lastKnownFileType = sourcecode.c.h; path = ContractInfoItemView.h; sourceTree = "<group>"; };
		50756DD020916C5B00AE065F /* ContractInfoItemView.m */ = {isa = PBXFileReference; lastKnownFileType = sourcecode.c.objc; path = ContractInfoItemView.m; sourceTree = "<group>"; };
		50756DD220916C6600AE065F /* ContractInfoItemView.xib */ = {isa = PBXFileReference; lastKnownFileType = file.xib; path = ContractInfoItemView.xib; sourceTree = "<group>"; };
		50756DD920916DBE00AE065F /* ContractInfoBGCollectionViewCell.h */ = {isa = PBXFileReference; lastKnownFileType = sourcecode.c.h; path = ContractInfoBGCollectionViewCell.h; sourceTree = "<group>"; };
		50756DDA20916DBE00AE065F /* ContractInfoBGCollectionViewCell.m */ = {isa = PBXFileReference; lastKnownFileType = sourcecode.c.objc; path = ContractInfoBGCollectionViewCell.m; sourceTree = "<group>"; };
		50881A39207328A300E7E417 /* InfoCollectionViewCell.h */ = {isa = PBXFileReference; lastKnownFileType = sourcecode.c.h; path = InfoCollectionViewCell.h; sourceTree = "<group>"; };
		50881A3A207328A300E7E417 /* InfoCollectionViewCell.m */ = {isa = PBXFileReference; lastKnownFileType = sourcecode.c.objc; path = InfoCollectionViewCell.m; sourceTree = "<group>"; };
		50881A3B207328A300E7E417 /* InfoCollectionViewCell.xib */ = {isa = PBXFileReference; lastKnownFileType = file.xib; path = InfoCollectionViewCell.xib; sourceTree = "<group>"; };
		50881A3E207356CD00E7E417 /* HeadTopView.h */ = {isa = PBXFileReference; lastKnownFileType = sourcecode.c.h; path = HeadTopView.h; sourceTree = "<group>"; };
		50881A3F207356CD00E7E417 /* HeadTopView.m */ = {isa = PBXFileReference; lastKnownFileType = sourcecode.c.objc; path = HeadTopView.m; sourceTree = "<group>"; };
		50881A41207356D600E7E417 /* HeadTopView.xib */ = {isa = PBXFileReference; lastKnownFileType = file.xib; path = HeadTopView.xib; sourceTree = "<group>"; };
		50881A43207358B700E7E417 /* UIView+XIBInstance.h */ = {isa = PBXFileReference; lastKnownFileType = sourcecode.c.h; path = "UIView+XIBInstance.h"; sourceTree = "<group>"; };
		50881A44207358B700E7E417 /* UIView+XIBInstance.m */ = {isa = PBXFileReference; lastKnownFileType = sourcecode.c.objc; path = "UIView+XIBInstance.m"; sourceTree = "<group>"; };
		50881A4B2074796300E7E417 /* LMJVerticalFlowLayout.m */ = {isa = PBXFileReference; fileEncoding = 4; lastKnownFileType = sourcecode.c.objc; path = LMJVerticalFlowLayout.m; sourceTree = "<group>"; };
		50881A4C2074796300E7E417 /* LMJVerticalFlowLayout.h */ = {isa = PBXFileReference; fileEncoding = 4; lastKnownFileType = sourcecode.c.h; path = LMJVerticalFlowLayout.h; sourceTree = "<group>"; };
		50881A4E207499E100E7E417 /* BGCollectionViewCell.h */ = {isa = PBXFileReference; lastKnownFileType = sourcecode.c.h; path = BGCollectionViewCell.h; sourceTree = "<group>"; };
		50881A4F207499E100E7E417 /* BGCollectionViewCell.m */ = {isa = PBXFileReference; lastKnownFileType = sourcecode.c.objc; path = BGCollectionViewCell.m; sourceTree = "<group>"; };
		50DE3B0D2089BC6B0074F725 /* RoomDetailsViewController.h */ = {isa = PBXFileReference; lastKnownFileType = sourcecode.c.h; path = RoomDetailsViewController.h; sourceTree = "<group>"; };
		50DE3B0E2089BC6B0074F725 /* RoomDetailsViewController.m */ = {isa = PBXFileReference; lastKnownFileType = sourcecode.c.objc; path = RoomDetailsViewController.m; sourceTree = "<group>"; };
		50DE3B102089BEB50074F725 /* ContractHeadView.h */ = {isa = PBXFileReference; lastKnownFileType = sourcecode.c.h; path = ContractHeadView.h; sourceTree = "<group>"; };
		50DE3B112089BEB50074F725 /* ContractHeadView.m */ = {isa = PBXFileReference; lastKnownFileType = sourcecode.c.objc; path = ContractHeadView.m; sourceTree = "<group>"; };
		50DE3B132089BEC50074F725 /* ContractHeadView.xib */ = {isa = PBXFileReference; lastKnownFileType = file.xib; path = ContractHeadView.xib; sourceTree = "<group>"; };
		50DE3B192089CEA70074F725 /* UIView+SGPagingView.h */ = {isa = PBXFileReference; fileEncoding = 4; lastKnownFileType = sourcecode.c.h; path = "UIView+SGPagingView.h"; sourceTree = "<group>"; };
		50DE3B1A2089CEA70074F725 /* UIView+SGPagingView.m */ = {isa = PBXFileReference; fileEncoding = 4; lastKnownFileType = sourcecode.c.objc; path = "UIView+SGPagingView.m"; sourceTree = "<group>"; };
		50DE3B1C2089CEA70074F725 /* SGPageContentScrollView.m */ = {isa = PBXFileReference; fileEncoding = 4; lastKnownFileType = sourcecode.c.objc; path = SGPageContentScrollView.m; sourceTree = "<group>"; };
		50DE3B1D2089CEA70074F725 /* SGPageContentView.m */ = {isa = PBXFileReference; fileEncoding = 4; lastKnownFileType = sourcecode.c.objc; path = SGPageContentView.m; sourceTree = "<group>"; };
		50DE3B1E2089CEA70074F725 /* SGPageContentScrollView.h */ = {isa = PBXFileReference; fileEncoding = 4; lastKnownFileType = sourcecode.c.h; path = SGPageContentScrollView.h; sourceTree = "<group>"; };
		50DE3B1F2089CEA70074F725 /* SGPageContentView.h */ = {isa = PBXFileReference; fileEncoding = 4; lastKnownFileType = sourcecode.c.h; path = SGPageContentView.h; sourceTree = "<group>"; };
		50DE3B212089CEA70074F725 /* SGPageTitleView.m */ = {isa = PBXFileReference; fileEncoding = 4; lastKnownFileType = sourcecode.c.objc; path = SGPageTitleView.m; sourceTree = "<group>"; };
		50DE3B222089CEA70074F725 /* SGPageTitleViewConfigure.m */ = {isa = PBXFileReference; fileEncoding = 4; lastKnownFileType = sourcecode.c.objc; path = SGPageTitleViewConfigure.m; sourceTree = "<group>"; };
		50DE3B232089CEA70074F725 /* SGPageTitleViewConfigure.h */ = {isa = PBXFileReference; fileEncoding = 4; lastKnownFileType = sourcecode.c.h; path = SGPageTitleViewConfigure.h; sourceTree = "<group>"; };
		50DE3B242089CEA70074F725 /* SGPageTitleView.h */ = {isa = PBXFileReference; fileEncoding = 4; lastKnownFileType = sourcecode.c.h; path = SGPageTitleView.h; sourceTree = "<group>"; };
		50DE3B252089CEA70074F725 /* SGPagingView.h */ = {isa = PBXFileReference; fileEncoding = 4; lastKnownFileType = sourcecode.c.h; path = SGPagingView.h; sourceTree = "<group>"; };
		50DE3B2B2089D8E00074F725 /* RoomInformation TableViewCell.h */ = {isa = PBXFileReference; lastKnownFileType = sourcecode.c.h; path = "RoomInformation TableViewCell.h"; sourceTree = "<group>"; };
		50DE3B2C2089D8E00074F725 /* RoomInformation TableViewCell.m */ = {isa = PBXFileReference; lastKnownFileType = sourcecode.c.objc; path = "RoomInformation TableViewCell.m"; sourceTree = "<group>"; };
		50DE3B2D2089D8E00074F725 /* RoomInformation TableViewCell.xib */ = {isa = PBXFileReference; lastKnownFileType = file.xib; path = "RoomInformation TableViewCell.xib"; sourceTree = "<group>"; };
		50FD61E92091A1C7000930B6 /* HistoryViewController.m */ = {isa = PBXFileReference; fileEncoding = 4; lastKnownFileType = sourcecode.c.objc; path = HistoryViewController.m; sourceTree = "<group>"; };
		50FD61EA2091A1C7000930B6 /* HistoryViewController.h */ = {isa = PBXFileReference; fileEncoding = 4; lastKnownFileType = sourcecode.c.h; path = HistoryViewController.h; sourceTree = "<group>"; };
		50FD61EF2092C65B000930B6 /* Changed.plist */ = {isa = PBXFileReference; lastKnownFileType = text.plist.xml; path = Changed.plist; sourceTree = "<group>"; };
		72DA511EDE331C4E9D70778F /* Pods-LinkageTableViewDemo.release.xcconfig */ = {isa = PBXFileReference; includeInIndex = 1; lastKnownFileType = text.xcconfig; name = "Pods-LinkageTableViewDemo.release.xcconfig"; path = "Pods/Target Support Files/Pods-LinkageTableViewDemo/Pods-LinkageTableViewDemo.release.xcconfig"; sourceTree = "<group>"; };
		D3831A4293A78E72AE3F6063 /* Pods-LinkageTableViewDemo.debug.xcconfig */ = {isa = PBXFileReference; includeInIndex = 1; lastKnownFileType = text.xcconfig; name = "Pods-LinkageTableViewDemo.debug.xcconfig"; path = "Pods/Target Support Files/Pods-LinkageTableViewDemo/Pods-LinkageTableViewDemo.debug.xcconfig"; sourceTree = "<group>"; };
/* End PBXFileReference section */

/* Begin PBXFrameworksBuildPhase section */
		500D15E6207228D7003F9DA3 /* Frameworks */ = {
			isa = PBXFrameworksBuildPhase;
			buildActionMask = 2147483647;
			files = (
				F88A9717000E41AA6FBDC501 /* Pods_LinkageTableViewDemo.framework in Frameworks */,
			);
			runOnlyForDeploymentPostprocessing = 0;
		};
		500D15FE207228D7003F9DA3 /* Frameworks */ = {
			isa = PBXFrameworksBuildPhase;
			buildActionMask = 2147483647;
			files = (
			);
			runOnlyForDeploymentPostprocessing = 0;
		};
		500D1609207228D7003F9DA3 /* Frameworks */ = {
			isa = PBXFrameworksBuildPhase;
			buildActionMask = 2147483647;
			files = (
			);
			runOnlyForDeploymentPostprocessing = 0;
		};
/* End PBXFrameworksBuildPhase section */

/* Begin PBXGroup section */
		2C504E37F95701201C35BF4D /* Pods */ = {
			isa = PBXGroup;
			children = (
				D3831A4293A78E72AE3F6063 /* Pods-LinkageTableViewDemo.debug.xcconfig */,
				72DA511EDE331C4E9D70778F /* Pods-LinkageTableViewDemo.release.xcconfig */,
			);
			name = Pods;
			sourceTree = "<group>";
		};
		3C948B6D03B04E8D1A3EEFE3 /* Frameworks */ = {
			isa = PBXGroup;
			children = (
				2B08B60C022BB5ADFDA0F56C /* Pods_LinkageTableViewDemo.framework */,
			);
			name = Frameworks;
			sourceTree = "<group>";
		};
		500D15E0207228D7003F9DA3 = {
			isa = PBXGroup;
			children = (
				500D15EB207228D7003F9DA3 /* LinkageTableViewDemo */,
				500D1604207228D7003F9DA3 /* LinkageTableViewDemoTests */,
				500D160F207228D7003F9DA3 /* LinkageTableViewDemoUITests */,
				500D15EA207228D7003F9DA3 /* Products */,
				2C504E37F95701201C35BF4D /* Pods */,
				3C948B6D03B04E8D1A3EEFE3 /* Frameworks */,
			);
			sourceTree = "<group>";
		};
		500D15EA207228D7003F9DA3 /* Products */ = {
			isa = PBXGroup;
			children = (
				500D15E9207228D7003F9DA3 /* LinkageTableViewDemo.app */,
				500D1601207228D7003F9DA3 /* LinkageTableViewDemoTests.xctest */,
				500D160C207228D7003F9DA3 /* LinkageTableViewDemoUITests.xctest */,
			);
			name = Products;
			sourceTree = "<group>";
		};
		500D15EB207228D7003F9DA3 /* LinkageTableViewDemo */ = {
			isa = PBXGroup;
			children = (
				50DE3B172089CEA70074F725 /* SGPagingView */,
				5044959F20848E7B0063DC4B /* IQActionSheetPickerView */,
				50881A4A2074796300E7E417 /* FlowLayout */,
				503FBDA0208D82EC00F05688 /* RoomInfo.plist */,
				5007528C208DB5EA00F18B28 /* State.plist */,
				500752AD208ED92100F18B28 /* History.plist */,
				50756DBE208F1AFE00AE065F /* ContractInfo.plist */,
				50FD61EF2092C65B000930B6 /* Changed.plist */,
				50881A43207358B700E7E417 /* UIView+XIBInstance.h */,
				50881A44207358B700E7E417 /* UIView+XIBInstance.m */,
				50075298208DC28300F18B28 /* Common.h */,
				50075299208DC28300F18B28 /* Common.m */,
				500D15EC207228D7003F9DA3 /* AppDelegate.h */,
				500D15ED207228D7003F9DA3 /* AppDelegate.m */,
				500D15EF207228D7003F9DA3 /* ViewController.h */,
				500D15F0207228D7003F9DA3 /* ViewController.m */,
				504A3AA1207A02270023F708 /* FloorViewController.h */,
				504A3AA2207A02270023F708 /* FloorViewController.m */,
				50DE3B162089C2A50074F725 /* Details */,
				504A3AA4207A02380023F708 /* FloorTableViewCell.h */,
				504A3AA5207A02380023F708 /* FloorTableViewCell.m */,
				504A3AA6207A02380023F708 /* FloorTableViewCell.xib */,
				504A3A9C2079BDCB0023F708 /* HeadCollectionViewCell.h */,
				504A3A9D2079BDCB0023F708 /* HeadCollectionViewCell.m */,
				504A3A9E2079BDCB0023F708 /* HeadCollectionViewCell.xib */,
				50881A4E207499E100E7E417 /* BGCollectionViewCell.h */,
				50881A4F207499E100E7E417 /* BGCollectionViewCell.m */,
				500D161E20722A35003F9DA3 /* LinkageTableViewCell.h */,
				500D161F20722A35003F9DA3 /* LinkageTableViewCell.m */,
				500D162020722A35003F9DA3 /* LinkageTableViewCell.xib */,
				50881A39207328A300E7E417 /* InfoCollectionViewCell.h */,
				50881A3A207328A300E7E417 /* InfoCollectionViewCell.m */,
				50881A3B207328A300E7E417 /* InfoCollectionViewCell.xib */,
				50881A3E207356CD00E7E417 /* HeadTopView.h */,
				50881A3F207356CD00E7E417 /* HeadTopView.m */,
				50881A41207356D600E7E417 /* HeadTopView.xib */,
				500D15F2207228D7003F9DA3 /* Main.storyboard */,
				500D15F5207228D7003F9DA3 /* Assets.xcassets */,
				500D15F7207228D7003F9DA3 /* LaunchScreen.storyboard */,
				500D15FA207228D7003F9DA3 /* Info.plist */,
				500D15FB207228D7003F9DA3 /* main.m */,
			);
			path = LinkageTableViewDemo;
			sourceTree = "<group>";
		};
		500D1604207228D7003F9DA3 /* LinkageTableViewDemoTests */ = {
			isa = PBXGroup;
			children = (
				500D1605207228D7003F9DA3 /* LinkageTableViewDemoTests.m */,
				500D1607207228D7003F9DA3 /* Info.plist */,
			);
			path = LinkageTableViewDemoTests;
			sourceTree = "<group>";
		};
		500D160F207228D7003F9DA3 /* LinkageTableViewDemoUITests */ = {
			isa = PBXGroup;
			children = (
				500D1610207228D7003F9DA3 /* LinkageTableViewDemoUITests.m */,
				500D1612207228D7003F9DA3 /* Info.plist */,
			);
			path = LinkageTableViewDemoUITests;
			sourceTree = "<group>";
		};
		5044959F20848E7B0063DC4B /* IQActionSheetPickerView */ = {
			isa = PBXGroup;
			children = (
				504495A020848E7B0063DC4B /* IQActionSheetPickerView.h */,
				504495A120848E7B0063DC4B /* IQActionSheetViewController.h */,
				504495A220848E7B0063DC4B /* IQActionSheetToolbar.m */,
				504495A320848E7B0063DC4B /* IQActionSheetTitleBarButtonItem.m */,
				504495A420848E7B0063DC4B /* IQActionSheetPickerView.m */,
				504495A520848E7B0063DC4B /* IQActionSheetToolbar.h */,
				504495A620848E7B0063DC4B /* IQActionSheetViewController.m */,
				504495A720848E7B0063DC4B /* IQActionSheetTitleBarButtonItem.h */,
			);
			path = IQActionSheetPickerView;
			sourceTree = "<group>";
		};
		50881A4A2074796300E7E417 /* FlowLayout */ = {
			isa = PBXGroup;
			children = (
				50881A4C2074796300E7E417 /* LMJVerticalFlowLayout.h */,
				50881A4B2074796300E7E417 /* LMJVerticalFlowLayout.m */,
			);
			path = FlowLayout;
			sourceTree = "<group>";
		};
		50DE3B162089C2A50074F725 /* Details */ = {
			isa = PBXGroup;
			children = (
				50DE3B0D2089BC6B0074F725 /* RoomDetailsViewController.h */,
				50DE3B0E2089BC6B0074F725 /* RoomDetailsViewController.m */,
				503FBD8F208D739100F05688 /* RoomInfoViewController.h */,
				503FBD90208D739100F05688 /* RoomInfoViewController.m */,
				50FD61EA2091A1C7000930B6 /* HistoryViewController.h */,
				50FD61E92091A1C7000930B6 /* HistoryViewController.m */,
				503FBD92208D73AD00F05688 /* StateViewController.h */,
				503FBD93208D73AD00F05688 /* StateViewController.m */,
				503FBD98208D73DE00F05688 /* ChangedViewController.h */,
				503FBD99208D73DE00F05688 /* ChangedViewController.m */,
				50756DBB208F0B3700AE065F /* ContractInfoViewController.h */,
				50756DBC208F0B3700AE065F /* ContractInfoViewController.m */,
				50DE3B102089BEB50074F725 /* ContractHeadView.h */,
				50DE3B112089BEB50074F725 /* ContractHeadView.m */,
				50DE3B132089BEC50074F725 /* ContractHeadView.xib */,
				503FBD9B208D799A00F05688 /* RoomInfoCollectionViewCell.h */,
				503FBD9C208D799A00F05688 /* RoomInfoCollectionViewCell.m */,
				503FBD9D208D799A00F05688 /* RoomInfoCollectionViewCell.xib */,
				50DE3B2B2089D8E00074F725 /* RoomInformation TableViewCell.h */,
				50DE3B2C2089D8E00074F725 /* RoomInformation TableViewCell.m */,
				50DE3B2D2089D8E00074F725 /* RoomInformation TableViewCell.xib */,
				5007528E208DB99500F18B28 /* StateCollectionReusableHeadView.h */,
				5007528F208DB99500F18B28 /* StateCollectionReusableHeadView.m */,
				50075290208DB99500F18B28 /* StateCollectionReusableHeadView.xib */,
				50075293208DBE1D00F18B28 /* StateCollectionViewCell.h */,
				50075294208DBE1D00F18B28 /* StateCollectionViewCell.m */,
				50075295208DBE1D00F18B28 /* StateCollectionViewCell.xib */,
				5007529E208DCB0A00F18B28 /* ChangedTableViewCell.h */,
				5007529F208DCB0A00F18B28 /* ChangedTableViewCell.m */,
				500752A0208DCB0A00F18B28 /* ChangedTableViewCell.xib */,
				500752A3208DD26C00F18B28 /* ChangedTableViewHeadView.h */,
				500752A4208DD26C00F18B28 /* ChangedTableViewHeadView.m */,
				500752A6208DD27600F18B28 /* ChangedTableViewHeadView.xib */,
				50756DB8208EFFE000AE065F /* BGTableViewCell.h */,
				50756DB9208EFFE000AE065F /* BGTableViewCell.m */,
				50756DC7209071BC00AE065F /* BGScrollTableViewCell.h */,
				50756DC8209071BC00AE065F /* BGScrollTableViewCell.m */,
				50756DD920916DBE00AE065F /* ContractInfoBGCollectionViewCell.h */,
				50756DDA20916DBE00AE065F /* ContractInfoBGCollectionViewCell.m */,
				50756DCF20916C5B00AE065F /* ContractInfoItemView.h */,
				50756DD020916C5B00AE065F /* ContractInfoItemView.m */,
				50756DD220916C6600AE065F /* ContractInfoItemView.xib */,
				500752A8208ECC8800F18B28 /* HistoryCollectionViewCell.h */,
				500752A9208ECC8800F18B28 /* HistoryCollectionViewCell.m */,
				500752AA208ECC8800F18B28 /* HistoryCollectionViewCell.xib */,
				50756DC0208F297500AE065F /* ContractInfoTableViewHeadView.h */,
				50756DC1208F297500AE065F /* ContractInfoTableViewHeadView.m */,
				500752AF208EE07200F18B28 /* InfoModel.h */,
				500752B0208EE07200F18B28 /* InfoModel.m */,
			);
			path = Details;
			sourceTree = "<group>";
		};
		50DE3B172089CEA70074F725 /* SGPagingView */ = {
			isa = PBXGroup;
			children = (
				50DE3B182089CEA70074F725 /* Category */,
				50DE3B1B2089CEA70074F725 /* SGPageContent */,
				50DE3B202089CEA70074F725 /* SGPageTitle */,
				50DE3B252089CEA70074F725 /* SGPagingView.h */,
				5007528A208DA8B300F18B28 /* PersonalCenterChildBaseVC.h */,
				50075289208DA8B300F18B28 /* PersonalCenterChildBaseVC.m */,
			);
			path = SGPagingView;
			sourceTree = "<group>";
		};
		50DE3B182089CEA70074F725 /* Category */ = {
			isa = PBXGroup;
			children = (
				50DE3B192089CEA70074F725 /* UIView+SGPagingView.h */,
				50DE3B1A2089CEA70074F725 /* UIView+SGPagingView.m */,
			);
			path = Category;
			sourceTree = "<group>";
		};
		50DE3B1B2089CEA70074F725 /* SGPageContent */ = {
			isa = PBXGroup;
			children = (
				50DE3B1E2089CEA70074F725 /* SGPageContentScrollView.h */,
				50DE3B1C2089CEA70074F725 /* SGPageContentScrollView.m */,
				50DE3B1F2089CEA70074F725 /* SGPageContentView.h */,
				50DE3B1D2089CEA70074F725 /* SGPageContentView.m */,
			);
			path = SGPageContent;
			sourceTree = "<group>";
		};
		50DE3B202089CEA70074F725 /* SGPageTitle */ = {
			isa = PBXGroup;
			children = (
				50DE3B212089CEA70074F725 /* SGPageTitleView.m */,
				50DE3B222089CEA70074F725 /* SGPageTitleViewConfigure.m */,
				50DE3B232089CEA70074F725 /* SGPageTitleViewConfigure.h */,
				50DE3B242089CEA70074F725 /* SGPageTitleView.h */,
			);
			path = SGPageTitle;
			sourceTree = "<group>";
		};
/* End PBXGroup section */

/* Begin PBXNativeTarget section */
		500D15E8207228D7003F9DA3 /* LinkageTableViewDemo */ = {
			isa = PBXNativeTarget;
			buildConfigurationList = 500D1615207228D7003F9DA3 /* Build configuration list for PBXNativeTarget "LinkageTableViewDemo" */;
			buildPhases = (
				8CC5E18C70AB42C4769BB320 /* [CP] Check Pods Manifest.lock */,
				500D15E5207228D7003F9DA3 /* Sources */,
				500D15E6207228D7003F9DA3 /* Frameworks */,
				500D15E7207228D7003F9DA3 /* Resources */,
				45F665CB915E78C4A8243223 /* [CP] Embed Pods Frameworks */,
				0F7474A9F21AC96DBB2D5AD4 /* [CP] Copy Pods Resources */,
			);
			buildRules = (
			);
			dependencies = (
			);
			name = LinkageTableViewDemo;
			productName = LinkageTableViewDemo;
			productReference = 500D15E9207228D7003F9DA3 /* LinkageTableViewDemo.app */;
			productType = "com.apple.product-type.application";
		};
		500D1600207228D7003F9DA3 /* LinkageTableViewDemoTests */ = {
			isa = PBXNativeTarget;
			buildConfigurationList = 500D1618207228D7003F9DA3 /* Build configuration list for PBXNativeTarget "LinkageTableViewDemoTests" */;
			buildPhases = (
				500D15FD207228D7003F9DA3 /* Sources */,
				500D15FE207228D7003F9DA3 /* Frameworks */,
				500D15FF207228D7003F9DA3 /* Resources */,
			);
			buildRules = (
			);
			dependencies = (
				500D1603207228D7003F9DA3 /* PBXTargetDependency */,
			);
			name = LinkageTableViewDemoTests;
			productName = LinkageTableViewDemoTests;
			productReference = 500D1601207228D7003F9DA3 /* LinkageTableViewDemoTests.xctest */;
			productType = "com.apple.product-type.bundle.unit-test";
		};
		500D160B207228D7003F9DA3 /* LinkageTableViewDemoUITests */ = {
			isa = PBXNativeTarget;
			buildConfigurationList = 500D161B207228D7003F9DA3 /* Build configuration list for PBXNativeTarget "LinkageTableViewDemoUITests" */;
			buildPhases = (
				500D1608207228D7003F9DA3 /* Sources */,
				500D1609207228D7003F9DA3 /* Frameworks */,
				500D160A207228D7003F9DA3 /* Resources */,
			);
			buildRules = (
			);
			dependencies = (
				500D160E207228D7003F9DA3 /* PBXTargetDependency */,
			);
			name = LinkageTableViewDemoUITests;
			productName = LinkageTableViewDemoUITests;
			productReference = 500D160C207228D7003F9DA3 /* LinkageTableViewDemoUITests.xctest */;
			productType = "com.apple.product-type.bundle.ui-testing";
		};
/* End PBXNativeTarget section */

/* Begin PBXProject section */
		500D15E1207228D7003F9DA3 /* Project object */ = {
			isa = PBXProject;
			attributes = {
				LastUpgradeCheck = 0920;
				ORGANIZATIONNAME = GuangDa;
				TargetAttributes = {
					500D15E8207228D7003F9DA3 = {
						CreatedOnToolsVersion = 9.2;
						ProvisioningStyle = Automatic;
					};
					500D1600207228D7003F9DA3 = {
						CreatedOnToolsVersion = 9.2;
						ProvisioningStyle = Automatic;
						TestTargetID = 500D15E8207228D7003F9DA3;
					};
					500D160B207228D7003F9DA3 = {
						CreatedOnToolsVersion = 9.2;
						ProvisioningStyle = Automatic;
						TestTargetID = 500D15E8207228D7003F9DA3;
					};
				};
			};
			buildConfigurationList = 500D15E4207228D7003F9DA3 /* Build configuration list for PBXProject "LinkageTableViewDemo" */;
			compatibilityVersion = "Xcode 8.0";
			developmentRegion = en;
			hasScannedForEncodings = 0;
			knownRegions = (
				en,
				Base,
			);
			mainGroup = 500D15E0207228D7003F9DA3;
			productRefGroup = 500D15EA207228D7003F9DA3 /* Products */;
			projectDirPath = "";
			projectRoot = "";
			targets = (
				500D15E8207228D7003F9DA3 /* LinkageTableViewDemo */,
				500D1600207228D7003F9DA3 /* LinkageTableViewDemoTests */,
				500D160B207228D7003F9DA3 /* LinkageTableViewDemoUITests */,
			);
		};
/* End PBXProject section */

/* Begin PBXResourcesBuildPhase section */
		500D15E7207228D7003F9DA3 /* Resources */ = {
			isa = PBXResourcesBuildPhase;
			buildActionMask = 2147483647;
			files = (
				500752A2208DCB0A00F18B28 /* ChangedTableViewCell.xib in Resources */,
				50DE3B142089BEC50074F725 /* ContractHeadView.xib in Resources */,
				50881A42207356D600E7E417 /* HeadTopView.xib in Resources */,
				50DE3B2F2089D8E00074F725 /* RoomInformation TableViewCell.xib in Resources */,
				503FBD9F208D799A00F05688 /* RoomInfoCollectionViewCell.xib in Resources */,
				50075297208DBE1D00F18B28 /* StateCollectionViewCell.xib in Resources */,
				500D15F9207228D7003F9DA3 /* LaunchScreen.storyboard in Resources */,
				50FD61F02092C65B000930B6 /* Changed.plist in Resources */,
				500D15F6207228D7003F9DA3 /* Assets.xcassets in Resources */,
				500752AC208ECC8800F18B28 /* HistoryCollectionViewCell.xib in Resources */,
				500752AE208ED92100F18B28 /* History.plist in Resources */,
				500D15F4207228D7003F9DA3 /* Main.storyboard in Resources */,
				50756DD320916C6600AE065F /* ContractInfoItemView.xib in Resources */,
				504A3AA8207A02380023F708 /* FloorTableViewCell.xib in Resources */,
				504A3AA02079BDCB0023F708 /* HeadCollectionViewCell.xib in Resources */,
				50075292208DB99500F18B28 /* StateCollectionReusableHeadView.xib in Resources */,
				503FBDA1208D82EC00F05688 /* RoomInfo.plist in Resources */,
				500D162220722A35003F9DA3 /* LinkageTableViewCell.xib in Resources */,
				50881A3D207328A300E7E417 /* InfoCollectionViewCell.xib in Resources */,
				50756DBF208F1AFE00AE065F /* ContractInfo.plist in Resources */,
				500752A7208DD27600F18B28 /* ChangedTableViewHeadView.xib in Resources */,
				5007528D208DB5EA00F18B28 /* State.plist in Resources */,
			);
			runOnlyForDeploymentPostprocessing = 0;
		};
		500D15FF207228D7003F9DA3 /* Resources */ = {
			isa = PBXResourcesBuildPhase;
			buildActionMask = 2147483647;
			files = (
			);
			runOnlyForDeploymentPostprocessing = 0;
		};
		500D160A207228D7003F9DA3 /* Resources */ = {
			isa = PBXResourcesBuildPhase;
			buildActionMask = 2147483647;
			files = (
			);
			runOnlyForDeploymentPostprocessing = 0;
		};
/* End PBXResourcesBuildPhase section */

/* Begin PBXShellScriptBuildPhase section */
		0F7474A9F21AC96DBB2D5AD4 /* [CP] Copy Pods Resources */ = {
			isa = PBXShellScriptBuildPhase;
			buildActionMask = 2147483647;
			files = (
			);
			inputPaths = (
			);
			name = "[CP] Copy Pods Resources";
			outputPaths = (
			);
			runOnlyForDeploymentPostprocessing = 0;
			shellPath = /bin/sh;
			shellScript = "\"${SRCROOT}/Pods/Target Support Files/Pods-LinkageTableViewDemo/Pods-LinkageTableViewDemo-resources.sh\"\n";
			showEnvVarsInLog = 0;
		};
		45F665CB915E78C4A8243223 /* [CP] Embed Pods Frameworks */ = {
			isa = PBXShellScriptBuildPhase;
			buildActionMask = 2147483647;
			files = (
			);
			inputPaths = (
				"${SRCROOT}/Pods/Target Support Files/Pods-LinkageTableViewDemo/Pods-LinkageTableViewDemo-frameworks.sh",
				"${BUILT_PRODUCTS_DIR}/Masonry/Masonry.framework",
			);
			name = "[CP] Embed Pods Frameworks";
			outputPaths = (
				"${TARGET_BUILD_DIR}/${FRAMEWORKS_FOLDER_PATH}/Masonry.framework",
			);
			runOnlyForDeploymentPostprocessing = 0;
			shellPath = /bin/sh;
			shellScript = "\"${SRCROOT}/Pods/Target Support Files/Pods-LinkageTableViewDemo/Pods-LinkageTableViewDemo-frameworks.sh\"\n";
			showEnvVarsInLog = 0;
		};
		8CC5E18C70AB42C4769BB320 /* [CP] Check Pods Manifest.lock */ = {
			isa = PBXShellScriptBuildPhase;
			buildActionMask = 2147483647;
			files = (
			);
			inputPaths = (
				"${PODS_PODFILE_DIR_PATH}/Podfile.lock",
				"${PODS_ROOT}/Manifest.lock",
			);
			name = "[CP] Check Pods Manifest.lock";
			outputPaths = (
				"$(DERIVED_FILE_DIR)/Pods-LinkageTableViewDemo-checkManifestLockResult.txt",
			);
			runOnlyForDeploymentPostprocessing = 0;
			shellPath = /bin/sh;
			shellScript = "diff \"${PODS_PODFILE_DIR_PATH}/Podfile.lock\" \"${PODS_ROOT}/Manifest.lock\" > /dev/null\nif [ $? != 0 ] ; then\n    # print error to STDERR\n    echo \"error: The sandbox is not in sync with the Podfile.lock. Run 'pod install' or update your CocoaPods installation.\" >&2\n    exit 1\nfi\n# This output is used by Xcode 'outputs' to avoid re-running this script phase.\necho \"SUCCESS\" > \"${SCRIPT_OUTPUT_FILE_0}\"\n";
			showEnvVarsInLog = 0;
		};
/* End PBXShellScriptBuildPhase section */

/* Begin PBXSourcesBuildPhase section */
		500D15E5207228D7003F9DA3 /* Sources */ = {
			isa = PBXSourcesBuildPhase;
			buildActionMask = 2147483647;
			files = (
				5007529A208DC28300F18B28 /* Common.m in Sources */,
				504A3AA7207A02380023F708 /* FloorTableViewCell.m in Sources */,
				504495A920848E7B0063DC4B /* IQActionSheetTitleBarButtonItem.m in Sources */,
				500752AB208ECC8800F18B28 /* HistoryCollectionViewCell.m in Sources */,
				500D15F1207228D7003F9DA3 /* ViewController.m in Sources */,
				50FD61EB2091A1C7000930B6 /* HistoryViewController.m in Sources */,
				504A3A9F2079BDCB0023F708 /* HeadCollectionViewCell.m in Sources */,
				500D15FC207228D7003F9DA3 /* main.m in Sources */,
				50756DD120916C5B00AE065F /* ContractInfoItemView.m in Sources */,
				50DE3B262089CEA70074F725 /* UIView+SGPagingView.m in Sources */,
				50DE3B292089CEA70074F725 /* SGPageTitleView.m in Sources */,
				504495AA20848E7B0063DC4B /* IQActionSheetPickerView.m in Sources */,
				50DE3B2E2089D8E00074F725 /* RoomInformation TableViewCell.m in Sources */,
				50756DC2208F297500AE065F /* ContractInfoTableViewHeadView.m in Sources */,
				503FBD9E208D799A00F05688 /* RoomInfoCollectionViewCell.m in Sources */,
				50DE3B0F2089BC6B0074F725 /* RoomDetailsViewController.m in Sources */,
				503FBD9A208D73DE00F05688 /* ChangedViewController.m in Sources */,
				50881A50207499E100E7E417 /* BGCollectionViewCell.m in Sources */,
				50756DBD208F0B3700AE065F /* ContractInfoViewController.m in Sources */,
				504495A820848E7B0063DC4B /* IQActionSheetToolbar.m in Sources */,
				503FBD91208D739100F05688 /* RoomInfoViewController.m in Sources */,
				504495AB20848E7B0063DC4B /* IQActionSheetViewController.m in Sources */,
				500752A1208DCB0A00F18B28 /* ChangedTableViewCell.m in Sources */,
				50DE3B2A2089CEA70074F725 /* SGPageTitleViewConfigure.m in Sources */,
				500752A5208DD26C00F18B28 /* ChangedTableViewHeadView.m in Sources */,
				50756DDB20916DBE00AE065F /* ContractInfoBGCollectionViewCell.m in Sources */,
				50881A3C207328A300E7E417 /* InfoCollectionViewCell.m in Sources */,
				500752B1208EE07200F18B28 /* InfoModel.m in Sources */,
				50756DCA209071BC00AE065F /* BGScrollTableViewCell.m in Sources */,
				50DE3B272089CEA70074F725 /* SGPageContentScrollView.m in Sources */,
				50881A4D2074796400E7E417 /* LMJVerticalFlowLayout.m in Sources */,
				5007528B208DA8B400F18B28 /* PersonalCenterChildBaseVC.m in Sources */,
				50DE3B122089BEB50074F725 /* ContractHeadView.m in Sources */,
				50881A45207358B700E7E417 /* UIView+XIBInstance.m in Sources */,
				503FBD94208D73AD00F05688 /* StateViewController.m in Sources */,
				500D15EE207228D7003F9DA3 /* AppDelegate.m in Sources */,
				50881A40207356CD00E7E417 /* HeadTopView.m in Sources */,
				50DE3B282089CEA70074F725 /* SGPageContentView.m in Sources */,
				50075296208DBE1D00F18B28 /* StateCollectionViewCell.m in Sources */,
				50756DBA208EFFE000AE065F /* BGTableViewCell.m in Sources */,
				500D162120722A35003F9DA3 /* LinkageTableViewCell.m in Sources */,
				50075291208DB99500F18B28 /* StateCollectionReusableHeadView.m in Sources */,
				504A3AA3207A02270023F708 /* FloorViewController.m in Sources */,
			);
			runOnlyForDeploymentPostprocessing = 0;
		};
		500D15FD207228D7003F9DA3 /* Sources */ = {
			isa = PBXSourcesBuildPhase;
			buildActionMask = 2147483647;
			files = (
				500D1606207228D7003F9DA3 /* LinkageTableViewDemoTests.m in Sources */,
			);
			runOnlyForDeploymentPostprocessing = 0;
		};
		500D1608207228D7003F9DA3 /* Sources */ = {
			isa = PBXSourcesBuildPhase;
			buildActionMask = 2147483647;
			files = (
				500D1611207228D7003F9DA3 /* LinkageTableViewDemoUITests.m in Sources */,
			);
			runOnlyForDeploymentPostprocessing = 0;
		};
/* End PBXSourcesBuildPhase section */

/* Begin PBXTargetDependency section */
		500D1603207228D7003F9DA3 /* PBXTargetDependency */ = {
			isa = PBXTargetDependency;
			target = 500D15E8207228D7003F9DA3 /* LinkageTableViewDemo */;
			targetProxy = 500D1602207228D7003F9DA3 /* PBXContainerItemProxy */;
		};
		500D160E207228D7003F9DA3 /* PBXTargetDependency */ = {
			isa = PBXTargetDependency;
			target = 500D15E8207228D7003F9DA3 /* LinkageTableViewDemo */;
			targetProxy = 500D160D207228D7003F9DA3 /* PBXContainerItemProxy */;
		};
/* End PBXTargetDependency section */

/* Begin PBXVariantGroup section */
		500D15F2207228D7003F9DA3 /* Main.storyboard */ = {
			isa = PBXVariantGroup;
			children = (
				500D15F3207228D7003F9DA3 /* Base */,
			);
			name = Main.storyboard;
			sourceTree = "<group>";
		};
		500D15F7207228D7003F9DA3 /* LaunchScreen.storyboard */ = {
			isa = PBXVariantGroup;
			children = (
				500D15F8207228D7003F9DA3 /* Base */,
			);
			name = LaunchScreen.storyboard;
			sourceTree = "<group>";
		};
/* End PBXVariantGroup section */

/* Begin XCBuildConfiguration section */
		500D1613207228D7003F9DA3 /* Debug */ = {
			isa = XCBuildConfiguration;
			buildSettings = {
				ALWAYS_SEARCH_USER_PATHS = NO;
				CLANG_ANALYZER_NONNULL = YES;
				CLANG_ANALYZER_NUMBER_OBJECT_CONVERSION = YES_AGGRESSIVE;
				CLANG_CXX_LANGUAGE_STANDARD = "gnu++14";
				CLANG_CXX_LIBRARY = "libc++";
				CLANG_ENABLE_MODULES = YES;
				CLANG_ENABLE_OBJC_ARC = YES;
				CLANG_WARN_BLOCK_CAPTURE_AUTORELEASING = YES;
				CLANG_WARN_BOOL_CONVERSION = YES;
				CLANG_WARN_COMMA = YES;
				CLANG_WARN_CONSTANT_CONVERSION = YES;
				CLANG_WARN_DIRECT_OBJC_ISA_USAGE = YES_ERROR;
				CLANG_WARN_DOCUMENTATION_COMMENTS = YES;
				CLANG_WARN_EMPTY_BODY = YES;
				CLANG_WARN_ENUM_CONVERSION = YES;
				CLANG_WARN_INFINITE_RECURSION = YES;
				CLANG_WARN_INT_CONVERSION = YES;
				CLANG_WARN_NON_LITERAL_NULL_CONVERSION = YES;
				CLANG_WARN_OBJC_LITERAL_CONVERSION = YES;
				CLANG_WARN_OBJC_ROOT_CLASS = YES_ERROR;
				CLANG_WARN_RANGE_LOOP_ANALYSIS = YES;
				CLANG_WARN_STRICT_PROTOTYPES = YES;
				CLANG_WARN_SUSPICIOUS_MOVE = YES;
				CLANG_WARN_UNGUARDED_AVAILABILITY = YES_AGGRESSIVE;
				CLANG_WARN_UNREACHABLE_CODE = YES;
				CLANG_WARN__DUPLICATE_METHOD_MATCH = YES;
				CODE_SIGN_IDENTITY = "iPhone Developer";
				COPY_PHASE_STRIP = NO;
				DEBUG_INFORMATION_FORMAT = dwarf;
				ENABLE_STRICT_OBJC_MSGSEND = YES;
				ENABLE_TESTABILITY = YES;
				GCC_C_LANGUAGE_STANDARD = gnu11;
				GCC_DYNAMIC_NO_PIC = NO;
				GCC_NO_COMMON_BLOCKS = YES;
				GCC_OPTIMIZATION_LEVEL = 0;
				GCC_PREPROCESSOR_DEFINITIONS = (
					"DEBUG=1",
					"$(inherited)",
				);
				GCC_WARN_64_TO_32_BIT_CONVERSION = YES;
				GCC_WARN_ABOUT_RETURN_TYPE = YES_ERROR;
				GCC_WARN_UNDECLARED_SELECTOR = YES;
				GCC_WARN_UNINITIALIZED_AUTOS = YES_AGGRESSIVE;
				GCC_WARN_UNUSED_FUNCTION = YES;
				GCC_WARN_UNUSED_VARIABLE = YES;
				IPHONEOS_DEPLOYMENT_TARGET = 11.2;
				MTL_ENABLE_DEBUG_INFO = YES;
				ONLY_ACTIVE_ARCH = YES;
				SDKROOT = iphoneos;
			};
			name = Debug;
		};
		500D1614207228D7003F9DA3 /* Release */ = {
			isa = XCBuildConfiguration;
			buildSettings = {
				ALWAYS_SEARCH_USER_PATHS = NO;
				CLANG_ANALYZER_NONNULL = YES;
				CLANG_ANALYZER_NUMBER_OBJECT_CONVERSION = YES_AGGRESSIVE;
				CLANG_CXX_LANGUAGE_STANDARD = "gnu++14";
				CLANG_CXX_LIBRARY = "libc++";
				CLANG_ENABLE_MODULES = YES;
				CLANG_ENABLE_OBJC_ARC = YES;
				CLANG_WARN_BLOCK_CAPTURE_AUTORELEASING = YES;
				CLANG_WARN_BOOL_CONVERSION = YES;
				CLANG_WARN_COMMA = YES;
				CLANG_WARN_CONSTANT_CONVERSION = YES;
				CLANG_WARN_DIRECT_OBJC_ISA_USAGE = YES_ERROR;
				CLANG_WARN_DOCUMENTATION_COMMENTS = YES;
				CLANG_WARN_EMPTY_BODY = YES;
				CLANG_WARN_ENUM_CONVERSION = YES;
				CLANG_WARN_INFINITE_RECURSION = YES;
				CLANG_WARN_INT_CONVERSION = YES;
				CLANG_WARN_NON_LITERAL_NULL_CONVERSION = YES;
				CLANG_WARN_OBJC_LITERAL_CONVERSION = YES;
				CLANG_WARN_OBJC_ROOT_CLASS = YES_ERROR;
				CLANG_WARN_RANGE_LOOP_ANALYSIS = YES;
				CLANG_WARN_STRICT_PROTOTYPES = YES;
				CLANG_WARN_SUSPICIOUS_MOVE = YES;
				CLANG_WARN_UNGUARDED_AVAILABILITY = YES_AGGRESSIVE;
				CLANG_WARN_UNREACHABLE_CODE = YES;
				CLANG_WARN__DUPLICATE_METHOD_MATCH = YES;
				CODE_SIGN_IDENTITY = "iPhone Developer";
				COPY_PHASE_STRIP = NO;
				DEBUG_INFORMATION_FORMAT = "dwarf-with-dsym";
				ENABLE_NS_ASSERTIONS = NO;
				ENABLE_STRICT_OBJC_MSGSEND = YES;
				GCC_C_LANGUAGE_STANDARD = gnu11;
				GCC_NO_COMMON_BLOCKS = YES;
				GCC_WARN_64_TO_32_BIT_CONVERSION = YES;
				GCC_WARN_ABOUT_RETURN_TYPE = YES_ERROR;
				GCC_WARN_UNDECLARED_SELECTOR = YES;
				GCC_WARN_UNINITIALIZED_AUTOS = YES_AGGRESSIVE;
				GCC_WARN_UNUSED_FUNCTION = YES;
				GCC_WARN_UNUSED_VARIABLE = YES;
				IPHONEOS_DEPLOYMENT_TARGET = 11.2;
				MTL_ENABLE_DEBUG_INFO = NO;
				SDKROOT = iphoneos;
				VALIDATE_PRODUCT = YES;
			};
			name = Release;
		};
		500D1616207228D7003F9DA3 /* Debug */ = {
			isa = XCBuildConfiguration;
			baseConfigurationReference = D3831A4293A78E72AE3F6063 /* Pods-LinkageTableViewDemo.debug.xcconfig */;
			buildSettings = {
				ASSETCATALOG_COMPILER_APPICON_NAME = AppIcon;
				CODE_SIGN_STYLE = Automatic;
				DEVELOPMENT_TEAM = 9JQ3DH4JPR;
				INFOPLIST_FILE = LinkageTableViewDemo/Info.plist;
				IPHONEOS_DEPLOYMENT_TARGET = 10.0;
				LD_RUNPATH_SEARCH_PATHS = "$(inherited) @executable_path/Frameworks";
				PRODUCT_BUNDLE_IDENTIFIER = cn.guangda.LinkageTableViewDemo;
				PRODUCT_NAME = "$(TARGET_NAME)";
				TARGETED_DEVICE_FAMILY = "1,2";
			};
			name = Debug;
		};
		500D1617207228D7003F9DA3 /* Release */ = {
			isa = XCBuildConfiguration;
			baseConfigurationReference = 72DA511EDE331C4E9D70778F /* Pods-LinkageTableViewDemo.release.xcconfig */;
			buildSettings = {
				ASSETCATALOG_COMPILER_APPICON_NAME = AppIcon;
				CODE_SIGN_STYLE = Automatic;
				DEVELOPMENT_TEAM = 9JQ3DH4JPR;
				INFOPLIST_FILE = LinkageTableViewDemo/Info.plist;
				IPHONEOS_DEPLOYMENT_TARGET = 10.0;
				LD_RUNPATH_SEARCH_PATHS = "$(inherited) @executable_path/Frameworks";
				PRODUCT_BUNDLE_IDENTIFIER = cn.guangda.LinkageTableViewDemo;
				PRODUCT_NAME = "$(TARGET_NAME)";
				TARGETED_DEVICE_FAMILY = "1,2";
			};
			name = Release;
		};
		500D1619207228D7003F9DA3 /* Debug */ = {
			isa = XCBuildConfiguration;
			buildSettings = {
				BUNDLE_LOADER = "$(TEST_HOST)";
				CODE_SIGN_STYLE = Automatic;
				DEVELOPMENT_TEAM = D3JCW86XBV;
				INFOPLIST_FILE = LinkageTableViewDemoTests/Info.plist;
				LD_RUNPATH_SEARCH_PATHS = "$(inherited) @executable_path/Frameworks @loader_path/Frameworks";
				PRODUCT_BUNDLE_IDENTIFIER = cn.guangda.LinkageTableViewDemoTests;
				PRODUCT_NAME = "$(TARGET_NAME)";
				TARGETED_DEVICE_FAMILY = "1,2";
				TEST_HOST = "$(BUILT_PRODUCTS_DIR)/LinkageTableViewDemo.app/LinkageTableViewDemo";
			};
			name = Debug;
		};
		500D161A207228D7003F9DA3 /* Release */ = {
			isa = XCBuildConfiguration;
			buildSettings = {
				BUNDLE_LOADER = "$(TEST_HOST)";
				CODE_SIGN_STYLE = Automatic;
				DEVELOPMENT_TEAM = D3JCW86XBV;
				INFOPLIST_FILE = LinkageTableViewDemoTests/Info.plist;
				LD_RUNPATH_SEARCH_PATHS = "$(inherited) @executable_path/Frameworks @loader_path/Frameworks";
				PRODUCT_BUNDLE_IDENTIFIER = cn.guangda.LinkageTableViewDemoTests;
				PRODUCT_NAME = "$(TARGET_NAME)";
				TARGETED_DEVICE_FAMILY = "1,2";
				TEST_HOST = "$(BUILT_PRODUCTS_DIR)/LinkageTableViewDemo.app/LinkageTableViewDemo";
			};
			name = Release;
		};
		500D161C207228D7003F9DA3 /* Debug */ = {
			isa = XCBuildConfiguration;
			buildSettings = {
				CODE_SIGN_STYLE = Automatic;
				DEVELOPMENT_TEAM = D3JCW86XBV;
				INFOPLIST_FILE = LinkageTableViewDemoUITests/Info.plist;
				LD_RUNPATH_SEARCH_PATHS = "$(inherited) @executable_path/Frameworks @loader_path/Frameworks";
				PRODUCT_BUNDLE_IDENTIFIER = cn.guangda.LinkageTableViewDemoUITests;
				PRODUCT_NAME = "$(TARGET_NAME)";
				TARGETED_DEVICE_FAMILY = "1,2";
				TEST_TARGET_NAME = LinkageTableViewDemo;
			};
			name = Debug;
		};
		500D161D207228D7003F9DA3 /* Release */ = {
			isa = XCBuildConfiguration;
			buildSettings = {
				CODE_SIGN_STYLE = Automatic;
				DEVELOPMENT_TEAM = D3JCW86XBV;
				INFOPLIST_FILE = LinkageTableViewDemoUITests/Info.plist;
				LD_RUNPATH_SEARCH_PATHS = "$(inherited) @executable_path/Frameworks @loader_path/Frameworks";
				PRODUCT_BUNDLE_IDENTIFIER = cn.guangda.LinkageTableViewDemoUITests;
				PRODUCT_NAME = "$(TARGET_NAME)";
				TARGETED_DEVICE_FAMILY = "1,2";
				TEST_TARGET_NAME = LinkageTableViewDemo;
			};
			name = Release;
		};
/* End XCBuildConfiguration section */

/* Begin XCConfigurationList section */
		500D15E4207228D7003F9DA3 /* Build configuration list for PBXProject "LinkageTableViewDemo" */ = {
			isa = XCConfigurationList;
			buildConfigurations = (
				500D1613207228D7003F9DA3 /* Debug */,
				500D1614207228D7003F9DA3 /* Release */,
			);
			defaultConfigurationIsVisible = 0;
			defaultConfigurationName = Release;
		};
		500D1615207228D7003F9DA3 /* Build configuration list for PBXNativeTarget "LinkageTableViewDemo" */ = {
			isa = XCConfigurationList;
			buildConfigurations = (
				500D1616207228D7003F9DA3 /* Debug */,
				500D1617207228D7003F9DA3 /* Release */,
			);
			defaultConfigurationIsVisible = 0;
			defaultConfigurationName = Release;
		};
		500D1618207228D7003F9DA3 /* Build configuration list for PBXNativeTarget "LinkageTableViewDemoTests" */ = {
			isa = XCConfigurationList;
			buildConfigurations = (
				500D1619207228D7003F9DA3 /* Debug */,
				500D161A207228D7003F9DA3 /* Release */,
			);
			defaultConfigurationIsVisible = 0;
			defaultConfigurationName = Release;
		};
		500D161B207228D7003F9DA3 /* Build configuration list for PBXNativeTarget "LinkageTableViewDemoUITests" */ = {
			isa = XCConfigurationList;
			buildConfigurations = (
				500D161C207228D7003F9DA3 /* Debug */,
				500D161D207228D7003F9DA3 /* Release */,
			);
			defaultConfigurationIsVisible = 0;
			defaultConfigurationName = Release;
		};
/* End XCConfigurationList section */
	};
	rootObject = 500D15E1207228D7003F9DA3 /* Project object */;
}
